
Microsoft Visual Studio Solution File, Format Version 12.00
# Visual Studio Version 17
VisualStudioVersion = 17.3.32721.290
MinimumVisualStudioVersion = 10.0.40219.1
Project("{FAE04EC0-301F-11D3-BF4B-00C04F79EFBC}") = "MyLetter", "MyLetter\MyLetter.csproj", "{A71B5769-14E9-4A94-8017-319399BA93EF}"
EndProject
Project("{FAE04EC0-301F-11D3-BF4B-00C04F79EFBC}") = "MyLetter.EF", "MyLetter.EF\MyLetter.EF.csproj", "{747FC8E9-8339-4F00-AA78-0ADE3ACA15FE}"
EndProject
Project("{FAE04EC0-301F-11D3-BF4B-00C04F79EFBC}") = "MyLetter.BusinessLogic", "MyLetter.Logic\MyLetter.BusinessLogic.csproj", "{BE07AE18-0168-464F-8D65-EBF40B57F73F}"
EndProject
Global
	GlobalSection(SolutionConfigurationPlatforms) = preSolution
		Debug|Any CPU = Debug|Any CPU
		Release|Any CPU = Release|Any CPU
	EndGlobalSection
	GlobalSection(ProjectConfigurationPlatforms) = postSolution
		{A71B5769-14E9-4A94-8017-319399BA93EF}.Debug|Any CPU.ActiveCfg = Debug|Any CPU
		{A71B5769-14E9-4A94-8017-319399BA93EF}.Debug|Any CPU.Build.0 = Debug|Any CPU
		{A71B5769-14E9-4A94-8017-319399BA93EF}.Release|Any CPU.ActiveCfg = Release|Any CPU
		{A71B5769-14E9-4A94-8017-319399BA93EF}.Release|Any CPU.Build.0 = Release|Any CPU
		{747FC8E9-8339-4F00-AA78-0ADE3ACA15FE}.Debug|Any CPU.ActiveCfg = Debug|Any CPU
		{747FC8E9-8339-4F00-AA78-0ADE3ACA15FE}.Debug|Any CPU.Build.0 = Debug|Any CPU
		{747FC8E9-8339-4F00-AA78-0ADE3ACA15FE}.Release|Any CPU.ActiveCfg = Release|Any CPU
		{747FC8E9-8339-4F00-AA78-0ADE3ACA15FE}.Release|Any CPU.Build.0 = Release|Any CPU
		{BE07AE18-0168-464F-8D65-EBF40B57F73F}.Debug|Any CPU.ActiveCfg = Debug|Any CPU
		{BE07AE18-0168-464F-8D65-EBF40B57F73F}.Debug|Any CPU.Build.0 = Debug|Any CPU
		{BE07AE18-0168-464F-8D65-EBF40B57F73F}.Release|Any CPU.ActiveCfg = Release|Any CPU
		{BE07AE18-0168-464F-8D65-EBF40B57F73F}.Release|Any CPU.Build.0 = Release|Any CPU
	EndGlobalSection
	GlobalSection(SolutionProperties) = preSolution
		HideSolutionNode = FALSE
	EndGlobalSection
	GlobalSection(ExtensibilityGlobals) = postSolution
		SolutionGuid = {403E6C01-9C36-4711-A545-21EDE8366E2E}
	EndGlobalSection
EndGlobal
